
Microsoft Visual Studio Solution File, Format Version 12.00
# Visual Studio 15
VisualStudioVersion = 15.0.28307.271
MinimumVisualStudioVersion = 10.0.40219.1
Project("{9A19103F-16F7-4668-BE54-9A1E7A4F7556}") = "01. Even Lines", "01. Even Lines\01. Even Lines.csproj", "{4B4EAC34-7A90-40DF-88E8-8121DD0A7775}"
EndProject
Project("{FAE04EC0-301F-11D3-BF4B-00C04F79EFBC}") = "02.LineNumbers", "02.LineNumbers\02.LineNumbers.csproj", "{A8B8D662-A53C-4498-A084-01168B6176CE}"
EndProject
Project("{FAE04EC0-301F-11D3-BF4B-00C04F79EFBC}") = "03.WordCount", "03.WordCount\03.WordCount.csproj", "{54ACF17A-D144-47CE-BD00-9A2852CE47EC}"
EndProject
Project("{FAE04EC0-301F-11D3-BF4B-00C04F79EFBC}") = "04.CopyBinaryFile", "04.CopyBinaryFile\04.CopyBinaryFile.csproj", "{695612A7-6813-4A1E-95BE-C9ED0E84CD64}"
EndProject
Global
	GlobalSection(SolutionConfigurationPlatforms) = preSolution
		Debug|Any CPU = Debug|Any CPU
		Release|Any CPU = Release|Any CPU
	EndGlobalSection
	GlobalSection(ProjectConfigurationPlatforms) = postSolution
		{4B4EAC34-7A90-40DF-88E8-8121DD0A7775}.Debug|Any CPU.ActiveCfg = Debug|Any CPU
		{4B4EAC34-7A90-40DF-88E8-8121DD0A7775}.Debug|Any CPU.Build.0 = Debug|Any CPU
		{4B4EAC34-7A90-40DF-88E8-8121DD0A7775}.Release|Any CPU.ActiveCfg = Release|Any CPU
		{4B4EAC34-7A90-40DF-88E8-8121DD0A7775}.Release|Any CPU.Build.0 = Release|Any CPU
		{A8B8D662-A53C-4498-A084-01168B6176CE}.Debug|Any CPU.ActiveCfg = Debug|Any CPU
		{A8B8D662-A53C-4498-A084-01168B6176CE}.Debug|Any CPU.Build.0 = Debug|Any CPU
		{A8B8D662-A53C-4498-A084-01168B6176CE}.Release|Any CPU.ActiveCfg = Release|Any CPU
		{A8B8D662-A53C-4498-A084-01168B6176CE}.Release|Any CPU.Build.0 = Release|Any CPU
		{54ACF17A-D144-47CE-BD00-9A2852CE47EC}.Debug|Any CPU.ActiveCfg = Debug|Any CPU
		{54ACF17A-D144-47CE-BD00-9A2852CE47EC}.Debug|Any CPU.Build.0 = Debug|Any CPU
		{54ACF17A-D144-47CE-BD00-9A2852CE47EC}.Release|Any CPU.ActiveCfg = Release|Any CPU
		{54ACF17A-D144-47CE-BD00-9A2852CE47EC}.Release|Any CPU.Build.0 = Release|Any CPU
		{695612A7-6813-4A1E-95BE-C9ED0E84CD64}.Debug|Any CPU.ActiveCfg = Debug|Any CPU
		{695612A7-6813-4A1E-95BE-C9ED0E84CD64}.Debug|Any CPU.Build.0 = Debug|Any CPU
		{695612A7-6813-4A1E-95BE-C9ED0E84CD64}.Release|Any CPU.ActiveCfg = Release|Any CPU
		{695612A7-6813-4A1E-95BE-C9ED0E84CD64}.Release|Any CPU.Build.0 = Release|Any CPU
	EndGlobalSection
	GlobalSection(SolutionProperties) = preSolution
		HideSolutionNode = FALSE
	EndGlobalSection
	GlobalSection(ExtensibilityGlobals) = postSolution
		SolutionGuid = {BACC53C4-9EED-48A5-B84D-ADE067768E21}
	EndGlobalSection
EndGlobal
