
Microsoft Visual Studio Solution File, Format Version 12.00
# Visual Studio 15
VisualStudioVersion = 15.0.28307.271
MinimumVisualStudioVersion = 10.0.40219.1
Project("{FAE04EC0-301F-11D3-BF4B-00C04F79EFBC}") = "DefiningClasses", "DefiningClasses\DefiningClasses.csproj", "{D84D6C23-4C48-409F-B1B4-179E0C40E251}"
EndProject
Project("{FAE04EC0-301F-11D3-BF4B-00C04F79EFBC}") = "05.DateModifier", "05.DateModifier\05.DateModifier.csproj", "{04FC7D5E-C173-4B51-B309-E7319CFE829E}"
EndProject
Project("{FAE04EC0-301F-11D3-BF4B-00C04F79EFBC}") = "06.CompanyRoster", "06.CompanyRoster\06.CompanyRoster.csproj", "{EFA98781-7D08-4187-BB1F-512A53D90986}"
EndProject
Global
	GlobalSection(SolutionConfigurationPlatforms) = preSolution
		Debug|Any CPU = Debug|Any CPU
		Release|Any CPU = Release|Any CPU
	EndGlobalSection
	GlobalSection(ProjectConfigurationPlatforms) = postSolution
		{D84D6C23-4C48-409F-B1B4-179E0C40E251}.Debug|Any CPU.ActiveCfg = Debug|Any CPU
		{D84D6C23-4C48-409F-B1B4-179E0C40E251}.Debug|Any CPU.Build.0 = Debug|Any CPU
		{D84D6C23-4C48-409F-B1B4-179E0C40E251}.Release|Any CPU.ActiveCfg = Release|Any CPU
		{D84D6C23-4C48-409F-B1B4-179E0C40E251}.Release|Any CPU.Build.0 = Release|Any CPU
		{04FC7D5E-C173-4B51-B309-E7319CFE829E}.Debug|Any CPU.ActiveCfg = Debug|Any CPU
		{04FC7D5E-C173-4B51-B309-E7319CFE829E}.Debug|Any CPU.Build.0 = Debug|Any CPU
		{04FC7D5E-C173-4B51-B309-E7319CFE829E}.Release|Any CPU.ActiveCfg = Release|Any CPU
		{04FC7D5E-C173-4B51-B309-E7319CFE829E}.Release|Any CPU.Build.0 = Release|Any CPU
		{EFA98781-7D08-4187-BB1F-512A53D90986}.Debug|Any CPU.ActiveCfg = Debug|Any CPU
		{EFA98781-7D08-4187-BB1F-512A53D90986}.Debug|Any CPU.Build.0 = Debug|Any CPU
		{EFA98781-7D08-4187-BB1F-512A53D90986}.Release|Any CPU.ActiveCfg = Release|Any CPU
		{EFA98781-7D08-4187-BB1F-512A53D90986}.Release|Any CPU.Build.0 = Release|Any CPU
	EndGlobalSection
	GlobalSection(SolutionProperties) = preSolution
		HideSolutionNode = FALSE
	EndGlobalSection
	GlobalSection(ExtensibilityGlobals) = postSolution
		SolutionGuid = {B8C2819D-7EA1-47FD-9B35-E093A59997AD}
	EndGlobalSection
EndGlobal
