
Microsoft Visual Studio Solution File, Format Version 12.00
# Visual Studio 15
VisualStudioVersion = 15.0.28307.271
MinimumVisualStudioVersion = 10.0.40219.1
Project("{FAE04EC0-301F-11D3-BF4B-00C04F79EFBC}") = "DefiningClasses", "DefiningClasses\DefiningClasses.csproj", "{D84D6C23-4C48-409F-B1B4-179E0C40E251}"
EndProject
Project("{FAE04EC0-301F-11D3-BF4B-00C04F79EFBC}") = "05.DateModifier", "05.DateModifier\05.DateModifier.csproj", "{04FC7D5E-C173-4B51-B309-E7319CFE829E}"
EndProject
Project("{FAE04EC0-301F-11D3-BF4B-00C04F79EFBC}") = "06.CompanyRoster", "06.CompanyRoster\06.CompanyRoster.csproj", "{EFA98781-7D08-4187-BB1F-512A53D90986}"
EndProject
Project("{FAE04EC0-301F-11D3-BF4B-00C04F79EFBC}") = "07.SpeedRacing", "07.SpeedRacing\07.SpeedRacing.csproj", "{6FCF366B-457C-4C83-BC1F-AEF1ECEB7174}"
EndProject
Project("{FAE04EC0-301F-11D3-BF4B-00C04F79EFBC}") = "08.RawData", "08.RawData\08.RawData.csproj", "{DE599680-E7ED-406B-9500-566BD244CF3E}"
EndProject
Project("{FAE04EC0-301F-11D3-BF4B-00C04F79EFBC}") = "01.DefineaClassPerson", "01.DefineaClassPerson\01.DefineaClassPerson.csproj", "{865380FE-706A-4879-8ACF-64B58F69329A}"
EndProject
Project("{FAE04EC0-301F-11D3-BF4B-00C04F79EFBC}") = "02.CreatingConstructors", "02.CreatingConstructors\02.CreatingConstructors.csproj", "{637319E8-962C-4D3D-90C4-C552376BE688}"
EndProject
Project("{FAE04EC0-301F-11D3-BF4B-00C04F79EFBC}") = "03.OldestFamilyMember", "03.OldestFamilyMember\03.OldestFamilyMember.csproj", "{356DB15F-681D-479D-8C3B-3D071F78FAAC}"
EndProject
Project("{FAE04EC0-301F-11D3-BF4B-00C04F79EFBC}") = "04.OpinionPoll", "04.OpinionPoll\04.OpinionPoll.csproj", "{270F0310-407B-46A6-9079-99B0DC440420}"
EndProject
Project("{FAE04EC0-301F-11D3-BF4B-00C04F79EFBC}") = "09.RectangleIntersection", "09.RectangleIntersection\09.RectangleIntersection.csproj", "{4A71E554-175A-4C3C-BF23-DC17B204987B}"
EndProject
Project("{FAE04EC0-301F-11D3-BF4B-00C04F79EFBC}") = "10.CarSalesman", "10.CarSalesman\10.CarSalesman.csproj", "{63A66EF3-AB5E-462C-BC68-CB62B6511001}"
EndProject
Project("{FAE04EC0-301F-11D3-BF4B-00C04F79EFBC}") = "11.PokemonTrainer", "11.PokemonTrainer\11.PokemonTrainer.csproj", "{B9CCF1CC-9F3D-489D-B5D1-1581D6D3C6B7}"
EndProject
Project("{FAE04EC0-301F-11D3-BF4B-00C04F79EFBC}") = "12.Google", "12.Google\12.Google.csproj", "{CC80F6FA-A9BA-48F1-BF0D-FBE7FC05E087}"
EndProject
Project("{FAE04EC0-301F-11D3-BF4B-00C04F79EFBC}") = "13.FamilyTree", "13.FamilyTree\13.FamilyTree.csproj", "{3B35046B-D440-4F13-912D-C48AA2BF6E4C}"
EndProject
Global
	GlobalSection(SolutionConfigurationPlatforms) = preSolution
		Debug|Any CPU = Debug|Any CPU
		Release|Any CPU = Release|Any CPU
	EndGlobalSection
	GlobalSection(ProjectConfigurationPlatforms) = postSolution
		{D84D6C23-4C48-409F-B1B4-179E0C40E251}.Debug|Any CPU.ActiveCfg = Debug|Any CPU
		{D84D6C23-4C48-409F-B1B4-179E0C40E251}.Debug|Any CPU.Build.0 = Debug|Any CPU
		{D84D6C23-4C48-409F-B1B4-179E0C40E251}.Release|Any CPU.ActiveCfg = Release|Any CPU
		{D84D6C23-4C48-409F-B1B4-179E0C40E251}.Release|Any CPU.Build.0 = Release|Any CPU
		{04FC7D5E-C173-4B51-B309-E7319CFE829E}.Debug|Any CPU.ActiveCfg = Debug|Any CPU
		{04FC7D5E-C173-4B51-B309-E7319CFE829E}.Debug|Any CPU.Build.0 = Debug|Any CPU
		{04FC7D5E-C173-4B51-B309-E7319CFE829E}.Release|Any CPU.ActiveCfg = Release|Any CPU
		{04FC7D5E-C173-4B51-B309-E7319CFE829E}.Release|Any CPU.Build.0 = Release|Any CPU
		{EFA98781-7D08-4187-BB1F-512A53D90986}.Debug|Any CPU.ActiveCfg = Debug|Any CPU
		{EFA98781-7D08-4187-BB1F-512A53D90986}.Debug|Any CPU.Build.0 = Debug|Any CPU
		{EFA98781-7D08-4187-BB1F-512A53D90986}.Release|Any CPU.ActiveCfg = Release|Any CPU
		{EFA98781-7D08-4187-BB1F-512A53D90986}.Release|Any CPU.Build.0 = Release|Any CPU
		{6FCF366B-457C-4C83-BC1F-AEF1ECEB7174}.Debug|Any CPU.ActiveCfg = Debug|Any CPU
		{6FCF366B-457C-4C83-BC1F-AEF1ECEB7174}.Debug|Any CPU.Build.0 = Debug|Any CPU
		{6FCF366B-457C-4C83-BC1F-AEF1ECEB7174}.Release|Any CPU.ActiveCfg = Release|Any CPU
		{6FCF366B-457C-4C83-BC1F-AEF1ECEB7174}.Release|Any CPU.Build.0 = Release|Any CPU
		{DE599680-E7ED-406B-9500-566BD244CF3E}.Debug|Any CPU.ActiveCfg = Debug|Any CPU
		{DE599680-E7ED-406B-9500-566BD244CF3E}.Debug|Any CPU.Build.0 = Debug|Any CPU
		{DE599680-E7ED-406B-9500-566BD244CF3E}.Release|Any CPU.ActiveCfg = Release|Any CPU
		{DE599680-E7ED-406B-9500-566BD244CF3E}.Release|Any CPU.Build.0 = Release|Any CPU
		{865380FE-706A-4879-8ACF-64B58F69329A}.Debug|Any CPU.ActiveCfg = Debug|Any CPU
		{865380FE-706A-4879-8ACF-64B58F69329A}.Debug|Any CPU.Build.0 = Debug|Any CPU
		{865380FE-706A-4879-8ACF-64B58F69329A}.Release|Any CPU.ActiveCfg = Release|Any CPU
		{865380FE-706A-4879-8ACF-64B58F69329A}.Release|Any CPU.Build.0 = Release|Any CPU
		{637319E8-962C-4D3D-90C4-C552376BE688}.Debug|Any CPU.ActiveCfg = Debug|Any CPU
		{637319E8-962C-4D3D-90C4-C552376BE688}.Debug|Any CPU.Build.0 = Debug|Any CPU
		{637319E8-962C-4D3D-90C4-C552376BE688}.Release|Any CPU.ActiveCfg = Release|Any CPU
		{637319E8-962C-4D3D-90C4-C552376BE688}.Release|Any CPU.Build.0 = Release|Any CPU
		{356DB15F-681D-479D-8C3B-3D071F78FAAC}.Debug|Any CPU.ActiveCfg = Debug|Any CPU
		{356DB15F-681D-479D-8C3B-3D071F78FAAC}.Debug|Any CPU.Build.0 = Debug|Any CPU
		{356DB15F-681D-479D-8C3B-3D071F78FAAC}.Release|Any CPU.ActiveCfg = Release|Any CPU
		{356DB15F-681D-479D-8C3B-3D071F78FAAC}.Release|Any CPU.Build.0 = Release|Any CPU
		{270F0310-407B-46A6-9079-99B0DC440420}.Debug|Any CPU.ActiveCfg = Debug|Any CPU
		{270F0310-407B-46A6-9079-99B0DC440420}.Debug|Any CPU.Build.0 = Debug|Any CPU
		{270F0310-407B-46A6-9079-99B0DC440420}.Release|Any CPU.ActiveCfg = Release|Any CPU
		{270F0310-407B-46A6-9079-99B0DC440420}.Release|Any CPU.Build.0 = Release|Any CPU
		{4A71E554-175A-4C3C-BF23-DC17B204987B}.Debug|Any CPU.ActiveCfg = Debug|Any CPU
		{4A71E554-175A-4C3C-BF23-DC17B204987B}.Debug|Any CPU.Build.0 = Debug|Any CPU
		{4A71E554-175A-4C3C-BF23-DC17B204987B}.Release|Any CPU.ActiveCfg = Release|Any CPU
		{4A71E554-175A-4C3C-BF23-DC17B204987B}.Release|Any CPU.Build.0 = Release|Any CPU
		{63A66EF3-AB5E-462C-BC68-CB62B6511001}.Debug|Any CPU.ActiveCfg = Debug|Any CPU
		{63A66EF3-AB5E-462C-BC68-CB62B6511001}.Debug|Any CPU.Build.0 = Debug|Any CPU
		{63A66EF3-AB5E-462C-BC68-CB62B6511001}.Release|Any CPU.ActiveCfg = Release|Any CPU
		{63A66EF3-AB5E-462C-BC68-CB62B6511001}.Release|Any CPU.Build.0 = Release|Any CPU
		{B9CCF1CC-9F3D-489D-B5D1-1581D6D3C6B7}.Debug|Any CPU.ActiveCfg = Debug|Any CPU
		{B9CCF1CC-9F3D-489D-B5D1-1581D6D3C6B7}.Debug|Any CPU.Build.0 = Debug|Any CPU
		{B9CCF1CC-9F3D-489D-B5D1-1581D6D3C6B7}.Release|Any CPU.ActiveCfg = Release|Any CPU
		{B9CCF1CC-9F3D-489D-B5D1-1581D6D3C6B7}.Release|Any CPU.Build.0 = Release|Any CPU
		{CC80F6FA-A9BA-48F1-BF0D-FBE7FC05E087}.Debug|Any CPU.ActiveCfg = Debug|Any CPU
		{CC80F6FA-A9BA-48F1-BF0D-FBE7FC05E087}.Debug|Any CPU.Build.0 = Debug|Any CPU
		{CC80F6FA-A9BA-48F1-BF0D-FBE7FC05E087}.Release|Any CPU.ActiveCfg = Release|Any CPU
		{CC80F6FA-A9BA-48F1-BF0D-FBE7FC05E087}.Release|Any CPU.Build.0 = Release|Any CPU
		{3B35046B-D440-4F13-912D-C48AA2BF6E4C}.Debug|Any CPU.ActiveCfg = Debug|Any CPU
		{3B35046B-D440-4F13-912D-C48AA2BF6E4C}.Debug|Any CPU.Build.0 = Debug|Any CPU
		{3B35046B-D440-4F13-912D-C48AA2BF6E4C}.Release|Any CPU.ActiveCfg = Release|Any CPU
		{3B35046B-D440-4F13-912D-C48AA2BF6E4C}.Release|Any CPU.Build.0 = Release|Any CPU
	EndGlobalSection
	GlobalSection(SolutionProperties) = preSolution
		HideSolutionNode = FALSE
	EndGlobalSection
	GlobalSection(ExtensibilityGlobals) = postSolution
		SolutionGuid = {B8C2819D-7EA1-47FD-9B35-E093A59997AD}
	EndGlobalSection
EndGlobal
