
Microsoft Visual Studio Solution File, Format Version 12.00
# Visual Studio 15
VisualStudioVersion = 15.0.28307.271
MinimumVisualStudioVersion = 10.0.40219.1
Project("{FAE04EC0-301F-11D3-BF4B-00C04F79EFBC}") = "P01", "P01\P01.csproj", "{BDC691E7-BDA9-4749-BE1C-7A7FAB4ED426}"
EndProject
Project("{FAE04EC0-301F-11D3-BF4B-00C04F79EFBC}") = "P02", "P02\P02.csproj", "{2A58D780-AA53-4B98-B040-F141A71DC39C}"
EndProject
Project("{FAE04EC0-301F-11D3-BF4B-00C04F79EFBC}") = "P03", "P03\P03.csproj", "{AE58755B-8A29-458B-A11D-450C80D1BDBF}"
EndProject
Global
	GlobalSection(SolutionConfigurationPlatforms) = preSolution
		Debug|Any CPU = Debug|Any CPU
		Release|Any CPU = Release|Any CPU
	EndGlobalSection
	GlobalSection(ProjectConfigurationPlatforms) = postSolution
		{BDC691E7-BDA9-4749-BE1C-7A7FAB4ED426}.Debug|Any CPU.ActiveCfg = Debug|Any CPU
		{BDC691E7-BDA9-4749-BE1C-7A7FAB4ED426}.Debug|Any CPU.Build.0 = Debug|Any CPU
		{BDC691E7-BDA9-4749-BE1C-7A7FAB4ED426}.Release|Any CPU.ActiveCfg = Release|Any CPU
		{BDC691E7-BDA9-4749-BE1C-7A7FAB4ED426}.Release|Any CPU.Build.0 = Release|Any CPU
		{2A58D780-AA53-4B98-B040-F141A71DC39C}.Debug|Any CPU.ActiveCfg = Debug|Any CPU
		{2A58D780-AA53-4B98-B040-F141A71DC39C}.Debug|Any CPU.Build.0 = Debug|Any CPU
		{2A58D780-AA53-4B98-B040-F141A71DC39C}.Release|Any CPU.ActiveCfg = Release|Any CPU
		{2A58D780-AA53-4B98-B040-F141A71DC39C}.Release|Any CPU.Build.0 = Release|Any CPU
		{AE58755B-8A29-458B-A11D-450C80D1BDBF}.Debug|Any CPU.ActiveCfg = Debug|Any CPU
		{AE58755B-8A29-458B-A11D-450C80D1BDBF}.Debug|Any CPU.Build.0 = Debug|Any CPU
		{AE58755B-8A29-458B-A11D-450C80D1BDBF}.Release|Any CPU.ActiveCfg = Release|Any CPU
		{AE58755B-8A29-458B-A11D-450C80D1BDBF}.Release|Any CPU.Build.0 = Release|Any CPU
	EndGlobalSection
	GlobalSection(SolutionProperties) = preSolution
		HideSolutionNode = FALSE
	EndGlobalSection
	GlobalSection(ExtensibilityGlobals) = postSolution
		SolutionGuid = {A1253077-E8B4-47B3-B320-25AAAE5605CF}
	EndGlobalSection
EndGlobal
