
Microsoft Visual Studio Solution File, Format Version 12.00
# Visual Studio 15
VisualStudioVersion = 15.0.28307.271
MinimumVisualStudioVersion = 10.0.40219.1
Project("{9A19103F-16F7-4668-BE54-9A1E7A4F7556}") = "01.GenericBoxOfString", "01.GenericBoxOfString\01.GenericBoxOfString.csproj", "{2AAE43FC-E87E-4D40-9287-3B50D84A02A6}"
EndProject
Project("{FAE04EC0-301F-11D3-BF4B-00C04F79EFBC}") = "02.GenericBoxOfInteger", "02.GenericBoxOfInteger\02.GenericBoxOfInteger.csproj", "{4576A62F-818A-4331-82F4-81DF56E2EEFA}"
EndProject
Global
	GlobalSection(SolutionConfigurationPlatforms) = preSolution
		Debug|Any CPU = Debug|Any CPU
		Release|Any CPU = Release|Any CPU
	EndGlobalSection
	GlobalSection(ProjectConfigurationPlatforms) = postSolution
		{2AAE43FC-E87E-4D40-9287-3B50D84A02A6}.Debug|Any CPU.ActiveCfg = Debug|Any CPU
		{2AAE43FC-E87E-4D40-9287-3B50D84A02A6}.Debug|Any CPU.Build.0 = Debug|Any CPU
		{2AAE43FC-E87E-4D40-9287-3B50D84A02A6}.Release|Any CPU.ActiveCfg = Release|Any CPU
		{2AAE43FC-E87E-4D40-9287-3B50D84A02A6}.Release|Any CPU.Build.0 = Release|Any CPU
		{4576A62F-818A-4331-82F4-81DF56E2EEFA}.Debug|Any CPU.ActiveCfg = Debug|Any CPU
		{4576A62F-818A-4331-82F4-81DF56E2EEFA}.Debug|Any CPU.Build.0 = Debug|Any CPU
		{4576A62F-818A-4331-82F4-81DF56E2EEFA}.Release|Any CPU.ActiveCfg = Release|Any CPU
		{4576A62F-818A-4331-82F4-81DF56E2EEFA}.Release|Any CPU.Build.0 = Release|Any CPU
	EndGlobalSection
	GlobalSection(SolutionProperties) = preSolution
		HideSolutionNode = FALSE
	EndGlobalSection
	GlobalSection(ExtensibilityGlobals) = postSolution
		SolutionGuid = {707ED680-3245-4721-9173-466966C1BDB4}
	EndGlobalSection
EndGlobal
