
Microsoft Visual Studio Solution File, Format Version 12.00
# Visual Studio 15
VisualStudioVersion = 15.0.28307.271
MinimumVisualStudioVersion = 10.0.40219.1
Project("{FAE04EC0-301F-11D3-BF4B-00C04F79EFBC}") = "WorkshopCreateCustomList", "WorkshopCreateCustomList\WorkshopCreateCustomList.csproj", "{21A04A1C-33D6-47AF-BBEC-4660F4FF50B4}"
EndProject
Global
	GlobalSection(SolutionConfigurationPlatforms) = preSolution
		Debug|Any CPU = Debug|Any CPU
		Release|Any CPU = Release|Any CPU
	EndGlobalSection
	GlobalSection(ProjectConfigurationPlatforms) = postSolution
		{21A04A1C-33D6-47AF-BBEC-4660F4FF50B4}.Debug|Any CPU.ActiveCfg = Debug|Any CPU
		{21A04A1C-33D6-47AF-BBEC-4660F4FF50B4}.Debug|Any CPU.Build.0 = Debug|Any CPU
		{21A04A1C-33D6-47AF-BBEC-4660F4FF50B4}.Release|Any CPU.ActiveCfg = Release|Any CPU
		{21A04A1C-33D6-47AF-BBEC-4660F4FF50B4}.Release|Any CPU.Build.0 = Release|Any CPU
	EndGlobalSection
	GlobalSection(SolutionProperties) = preSolution
		HideSolutionNode = FALSE
	EndGlobalSection
	GlobalSection(ExtensibilityGlobals) = postSolution
		SolutionGuid = {42732F4F-5173-432B-88D9-96D3A44B48CB}
	EndGlobalSection
EndGlobal
